// !$*UTF8*$!
{
	archiveVersion = 1;
	classes = {
	};
	objectVersion = 50;
	objects = {

/* Begin PBXBuildFile section */
		C87C0F65232951DA006DDA8B /* AppDelegate.swift in Sources */ = {isa = PBXBuildFile; fileRef = C87C0F64232951DA006DDA8B /* AppDelegate.swift */; };
		C87C0F67232951DA006DDA8B /* ViewController.swift in Sources */ = {isa = PBXBuildFile; fileRef = C87C0F66232951DA006DDA8B /* ViewController.swift */; };
		C87C0F6A232951DA006DDA8B /* Main.storyboard in Resources */ = {isa = PBXBuildFile; fileRef = C87C0F68232951DA006DDA8B /* Main.storyboard */; };
		C87C0F6C232951DF006DDA8B /* Assets.xcassets in Resources */ = {isa = PBXBuildFile; fileRef = C87C0F6B232951DF006DDA8B /* Assets.xcassets */; };
		C87C0F6F232951DF006DDA8B /* LaunchScreen.storyboard in Resources */ = {isa = PBXBuildFile; fileRef = C87C0F6D232951DF006DDA8B /* LaunchScreen.storyboard */; };
		C87C0F7723295C85006DDA8B /* YOLOv3Tiny.mlmodel in Sources */ = {isa = PBXBuildFile; fileRef = C87C0F7623295C84006DDA8B /* YOLOv3Tiny.mlmodel */; };
/* End PBXBuildFile section */

/* Begin PBXFileReference section */
		C87C0F61232951DA006DDA8B /* Seafood.app */ = {isa = PBXFileReference; explicitFileType = wrapper.application; includeInIndex = 0; path = Seafood.app; sourceTree = BUILT_PRODUCTS_DIR; };
		C87C0F64232951DA006DDA8B /* AppDelegate.swift */ = {isa = PBXFileReference; lastKnownFileType = sourcecode.swift; path = AppDelegate.swift; sourceTree = "<group>"; };
		C87C0F66232951DA006DDA8B /* ViewController.swift */ = {isa = PBXFileReference; lastKnownFileType = sourcecode.swift; path = ViewController.swift; sourceTree = "<group>"; };
		C87C0F69232951DA006DDA8B /* Base */ = {isa = PBXFileReference; lastKnownFileType = file.storyboard; name = Base; path = Base.lproj/Main.storyboard; sourceTree = "<group>"; };
		C87C0F6B232951DF006DDA8B /* Assets.xcassets */ = {isa = PBXFileReference; lastKnownFileType = folder.assetcatalog; path = Assets.xcassets; sourceTree = "<group>"; };
		C87C0F6E232951DF006DDA8B /* Base */ = {isa = PBXFileReference; lastKnownFileType = file.storyboard; name = Base; path = Base.lproj/LaunchScreen.storyboard; sourceTree = "<group>"; };
		C87C0F70232951DF006DDA8B /* Info.plist */ = {isa = PBXFileReference; lastKnownFileType = text.plist.xml; path = Info.plist; sourceTree = "<group>"; };
		C87C0F7623295C84006DDA8B /* YOLOv3Tiny.mlmodel */ = {isa = PBXFileReference; lastKnownFileType = file.mlmodel; path = YOLOv3Tiny.mlmodel; sourceTree = "<group>"; };
/* End PBXFileReference section */

/* Begin PBXFrameworksBuildPhase section */
		C87C0F5E232951DA006DDA8B /* Frameworks */ = {
			isa = PBXFrameworksBuildPhase;
			buildActionMask = 2147483647;
			files = (
			);
			runOnlyForDeploymentPostprocessing = 0;
		};
/* End PBXFrameworksBuildPhase section */

/* Begin PBXGroup section */
		C87C0F58232951DA006DDA8B = {
			isa = PBXGroup;
			children = (
				C87C0F63232951DA006DDA8B /* Seafood */,
				C87C0F62232951DA006DDA8B /* Products */,
			);
			sourceTree = "<group>";
		};
		C87C0F62232951DA006DDA8B /* Products */ = {
			isa = PBXGroup;
			children = (
				C87C0F61232951DA006DDA8B /* Seafood.app */,
			);
			name = Products;
			sourceTree = "<group>";
		};
		C87C0F63232951DA006DDA8B /* Seafood */ = {
			isa = PBXGroup;
			children = (
				C87C0F64232951DA006DDA8B /* AppDelegate.swift */,
				C87C0F66232951DA006DDA8B /* ViewController.swift */,
				C87C0F68232951DA006DDA8B /* Main.storyboard */,
				C87C0F6B232951DF006DDA8B /* Assets.xcassets */,
				C87C0F6D232951DF006DDA8B /* LaunchScreen.storyboard */,
				C87C0F70232951DF006DDA8B /* Info.plist */,
				C87C0F7623295C84006DDA8B /* YOLOv3Tiny.mlmodel */,
			);
			path = Seafood;
			sourceTree = "<group>";
		};
/* End PBXGroup section */

/* Begin PBXNativeTarget section */
		C87C0F60232951DA006DDA8B /* Seafood */ = {
			isa = PBXNativeTarget;
			buildConfigurationList = C87C0F73232951DF006DDA8B /* Build configuration list for PBXNativeTarget "Seafood" */;
			buildPhases = (
				C87C0F5D232951DA006DDA8B /* Sources */,
				C87C0F5E232951DA006DDA8B /* Frameworks */,
				C87C0F5F232951DA006DDA8B /* Resources */,
			);
			buildRules = (
			);
			dependencies = (
			);
			name = Seafood;
			productName = Seafood;
			productReference = C87C0F61232951DA006DDA8B /* Seafood.app */;
			productType = "com.apple.product-type.application";
		};
/* End PBXNativeTarget section */

/* Begin PBXProject section */
		C87C0F59232951DA006DDA8B /* Project object */ = {
			isa = PBXProject;
			attributes = {
				LastSwiftUpdateCheck = 1030;
				LastUpgradeCheck = 1030;
				ORGANIZATIONNAME = "Abrish Sabri";
				TargetAttributes = {
					C87C0F60232951DA006DDA8B = {
						CreatedOnToolsVersion = 10.3;
					};
				};
			};
			buildConfigurationList = C87C0F5C232951DA006DDA8B /* Build configuration list for PBXProject "Seafood" */;
			compatibilityVersion = "Xcode 9.3";
			developmentRegion = en;
			hasScannedForEncodings = 0;
			knownRegions = (
				en,
				Base,
			);
			mainGroup = C87C0F58232951DA006DDA8B;
			productRefGroup = C87C0F62232951DA006DDA8B /* Products */;
			projectDirPath = "";
			projectRoot = "";
			targets = (
				C87C0F60232951DA006DDA8B /* Seafood */,
			);
		};
/* End PBXProject section */

/* Begin PBXResourcesBuildPhase section */
		C87C0F5F232951DA006DDA8B /* Resources */ = {
			isa = PBXResourcesBuildPhase;
			buildActionMask = 2147483647;
			files = (
				C87C0F6F232951DF006DDA8B /* LaunchScreen.storyboard in Resources */,
				C87C0F6C232951DF006DDA8B /* Assets.xcassets in Resources */,
				C87C0F6A232951DA006DDA8B /* Main.storyboard in Resources */,
			);
			runOnlyForDeploymentPostprocessing = 0;
		};
/* End PBXResourcesBuildPhase section */

/* Begin PBXSourcesBuildPhase section */
		C87C0F5D232951DA006DDA8B /* Sources */ = {
			isa = PBXSourcesBuildPhase;
			buildActionMask = 2147483647;
			files = (
				C87C0F67232951DA006DDA8B /* ViewController.swift in Sources */,
				C87C0F7723295C85006DDA8B /* YOLOv3Tiny.mlmodel in Sources */,
				C87C0F65232951DA006DDA8B /* AppDelegate.swift in Sources */,
			);
			runOnlyForDeploymentPostprocessing = 0;
		};
/* End PBXSourcesBuildPhase section */

/* Begin PBXVariantGroup section */
		C87C0F68232951DA006DDA8B /* Main.storyboard */ = {
			isa = PBXVariantGroup;
			children = (
				C87C0F69232951DA006DDA8B /* Base */,
			);
			name = Main.storyboard;
			sourceTree = "<group>";
		};
		C87C0F6D232951DF006DDA8B /* LaunchScreen.storyboard */ = {
			isa = PBXVariantGroup;
			children = (
				C87C0F6E232951DF006DDA8B /* Base */,
			);
			name = LaunchScreen.storyboard;
			sourceTree = "<group>";
		};
/* End PBXVariantGroup section */

/* Begin XCBuildConfiguration section */
		C87C0F71232951DF006DDA8B /* Debug */ = {
			isa = XCBuildConfiguration;
			buildSettings = {
				ALWAYS_SEARCH_USER_PATHS = NO;
				CLANG_ANALYZER_NONNULL = YES;
				CLANG_ANALYZER_NUMBER_OBJECT_CONVERSION = YES_AGGRESSIVE;
				CLANG_CXX_LANGUAGE_STANDARD = "gnu++14";
				CLANG_CXX_LIBRARY = "libc++";
				CLANG_ENABLE_MODULES = YES;
				CLANG_ENABLE_OBJC_ARC = YES;
				CLANG_ENABLE_OBJC_WEAK = YES;
				CLANG_WARN_BLOCK_CAPTURE_AUTORELEASING = YES;
				CLANG_WARN_BOOL_CONVERSION = YES;
				CLANG_WARN_COMMA = YES;
				CLANG_WARN_CONSTANT_CONVERSION = YES;
				CLANG_WARN_DEPRECATED_OBJC_IMPLEMENTATIONS = YES;
				CLANG_WARN_DIRECT_OBJC_ISA_USAGE = YES_ERROR;
				CLANG_WARN_DOCUMENTATION_COMMENTS = YES;
				CLANG_WARN_EMPTY_BODY = YES;
				CLANG_WARN_ENUM_CONVERSION = YES;
				CLANG_WARN_INFINITE_RECURSION = YES;
				CLANG_WARN_INT_CONVERSION = YES;
				CLANG_WARN_NON_LITERAL_NULL_CONVERSION = YES;
				CLANG_WARN_OBJC_IMPLICIT_RETAIN_SELF = YES;
				CLANG_WARN_OBJC_LITERAL_CONVERSION = YES;
				CLANG_WARN_OBJC_ROOT_CLASS = YES_ERROR;
				CLANG_WARN_RANGE_LOOP_ANALYSIS = YES;
				CLANG_WARN_STRICT_PROTOTYPES = YES;
				CLANG_WARN_SUSPICIOUS_MOVE = YES;
				CLANG_WARN_UNGUARDED_AVAILABILITY = YES_AGGRESSIVE;
				CLANG_WARN_UNREACHABLE_CODE = YES;
				CLANG_WARN__DUPLICATE_METHOD_MATCH = YES;
				CODE_SIGN_IDENTITY = "iPhone Developer";
				COPY_PHASE_STRIP = NO;
				DEBUG_INFORMATION_FORMAT = dwarf;
				ENABLE_STRICT_OBJC_MSGSEND = YES;
				ENABLE_TESTABILITY = YES;
				GCC_C_LANGUAGE_STANDARD = gnu11;
				GCC_DYNAMIC_NO_PIC = NO;
				GCC_NO_COMMON_BLOCKS = YES;
				GCC_OPTIMIZATION_LEVEL = 0;
				GCC_PREPROCESSOR_DEFINITIONS = (
					"DEBUG=1",
					"$(inherited)",
				);
				GCC_WARN_64_TO_32_BIT_CONVERSION = YES;
				GCC_WARN_ABOUT_RETURN_TYPE = YES_ERROR;
				GCC_WARN_UNDECLARED_SELECTOR = YES;
				GCC_WARN_UNINITIALIZED_AUTOS = YES_AGGRESSIVE;
				GCC_WARN_UNUSED_FUNCTION = YES;
				GCC_WARN_UNUSED_VARIABLE = YES;
				IPHONEOS_DEPLOYMENT_TARGET = 12.4;
				MTL_ENABLE_DEBUG_INFO = INCLUDE_SOURCE;
				MTL_FAST_MATH = YES;
				ONLY_ACTIVE_ARCH = YES;
				SDKROOT = iphoneos;
				SWIFT_ACTIVE_COMPILATION_CONDITIONS = DEBUG;
				SWIFT_OPTIMIZATION_LEVEL = "-Onone";
			};
			name = Debug;
		};
		C87C0F72232951DF006DDA8B /* Release */ = {
			isa = XCBuildConfiguration;
			buildSettings = {
				ALWAYS_SEARCH_USER_PATHS = NO;
				CLANG_ANALYZER_NONNULL = YES;
				CLANG_ANALYZER_NUMBER_OBJECT_CONVERSION = YES_AGGRESSIVE;
				CLANG_CXX_LANGUAGE_STANDARD = "gnu++14";
				CLANG_CXX_LIBRARY = "libc++";
				CLANG_ENABLE_MODULES = YES;
				CLANG_ENABLE_OBJC_ARC = YES;
				CLANG_ENABLE_OBJC_WEAK = YES;
				CLANG_WARN_BLOCK_CAPTURE_AUTORELEASING = YES;
				CLANG_WARN_BOOL_CONVERSION = YES;
				CLANG_WARN_COMMA = YES;
				CLANG_WARN_CONSTANT_CONVERSION = YES;
				CLANG_WARN_DEPRECATED_OBJC_IMPLEMENTATIONS = YES;
				CLANG_WARN_DIRECT_OBJC_ISA_USAGE = YES_ERROR;
				CLANG_WARN_DOCUMENTATION_COMMENTS = YES;
				CLANG_WARN_EMPTY_BODY = YES;
				CLANG_WARN_ENUM_CONVERSION = YES;
				CLANG_WARN_INFINITE_RECURSION = YES;
				CLANG_WARN_INT_CONVERSION = YES;
				CLANG_WARN_NON_LITERAL_NULL_CONVERSION = YES;
				CLANG_WARN_OBJC_IMPLICIT_RETAIN_SELF = YES;
				CLANG_WARN_OBJC_LITERAL_CONVERSION = YES;
				CLANG_WARN_OBJC_ROOT_CLASS = YES_ERROR;
				CLANG_WARN_RANGE_LOOP_ANALYSIS = YES;
				CLANG_WARN_STRICT_PROTOTYPES = YES;
				CLANG_WARN_SUSPICIOUS_MOVE = YES;
				CLANG_WARN_UNGUARDED_AVAILABILITY = YES_AGGRESSIVE;
				CLANG_WARN_UNREACHABLE_CODE = YES;
				CLANG_WARN__DUPLICATE_METHOD_MATCH = YES;
				CODE_SIGN_IDENTITY = "iPhone Developer";
				COPY_PHASE_STRIP = NO;
				DEBUG_INFORMATION_FORMAT = "dwarf-with-dsym";
				ENABLE_NS_ASSERTIONS = NO;
				ENABLE_STRICT_OBJC_MSGSEND = YES;
				GCC_C_LANGUAGE_STANDARD = gnu11;
				GCC_NO_COMMON_BLOCKS = YES;
				GCC_WARN_64_TO_32_BIT_CONVERSION = YES;
				GCC_WARN_ABOUT_RETURN_TYPE = YES_ERROR;
				GCC_WARN_UNDECLARED_SELECTOR = YES;
				GCC_WARN_UNINITIALIZED_AUTOS = YES_AGGRESSIVE;
				GCC_WARN_UNUSED_FUNCTION = YES;
				GCC_WARN_UNUSED_VARIABLE = YES;
				IPHONEOS_DEPLOYMENT_TARGET = 12.4;
				MTL_ENABLE_DEBUG_INFO = NO;
				MTL_FAST_MATH = YES;
				SDKROOT = iphoneos;
				SWIFT_COMPILATION_MODE = wholemodule;
				SWIFT_OPTIMIZATION_LEVEL = "-O";
				VALIDATE_PRODUCT = YES;
			};
			name = Release;
		};
		C87C0F74232951DF006DDA8B /* Debug */ = {
			isa = XCBuildConfiguration;
			buildSettings = {
				ASSETCATALOG_COMPILER_APPICON_NAME = AppIcon;
				CODE_SIGN_STYLE = Automatic;
				DEVELOPMENT_TEAM = BMK6K85Y2U;
				INFOPLIST_FILE = Seafood/Info.plist;
				LD_RUNPATH_SEARCH_PATHS = (
					"$(inherited)",
					"@executable_path/Frameworks",
				);
				PRODUCT_BUNDLE_IDENTIFIER = com.abrishsabri.Seafood;
				PRODUCT_NAME = "$(TARGET_NAME)";
				SWIFT_VERSION = 5.0;
				TARGETED_DEVICE_FAMILY = "1,2";
			};
			name = Debug;
		};
		C87C0F75232951DF006DDA8B /* Release */ = {
			isa = XCBuildConfiguration;
			buildSettings = {
				ASSETCATALOG_COMPILER_APPICON_NAME = AppIcon;
				CODE_SIGN_STYLE = Automatic;
				DEVELOPMENT_TEAM = BMK6K85Y2U;
				INFOPLIST_FILE = Seafood/Info.plist;
				LD_RUNPATH_SEARCH_PATHS = (
					"$(inherited)",
					"@executable_path/Frameworks",
				);
				PRODUCT_BUNDLE_IDENTIFIER = com.abrishsabri.Seafood;
				PRODUCT_NAME = "$(TARGET_NAME)";
				SWIFT_VERSION = 5.0;
				TARGETED_DEVICE_FAMILY = "1,2";
			};
			name = Release;
		};
/* End XCBuildConfiguration section */

/* Begin XCConfigurationList section */
		C87C0F5C232951DA006DDA8B /* Build configuration list for PBXProject "Seafood" */ = {
			isa = XCConfigurationList;
			buildConfigurations = (
				C87C0F71232951DF006DDA8B /* Debug */,
				C87C0F72232951DF006DDA8B /* Release */,
			);
			defaultConfigurationIsVisible = 0;
			defaultConfigurationName = Release;
		};
		C87C0F73232951DF006DDA8B /* Build configuration list for PBXNativeTarget "Seafood" */ = {
			isa = XCConfigurationList;
			buildConfigurations = (
				C87C0F74232951DF006DDA8B /* Debug */,
				C87C0F75232951DF006DDA8B /* Release */,
			);
			defaultConfigurationIsVisible = 0;
			defaultConfigurationName = Release;
		};
/* End XCConfigurationList section */
	};
	rootObject = C87C0F59232951DA006DDA8B /* Project object */;
}
