// !$*UTF8*$!
{
	archiveVersion = 1;
	classes = {
	};
	objectVersion = 46;
	objects = {

/* Begin PBXBuildFile section */
		63C702781ECEF02800A0BE90 /* AppDelegate.swift in Sources */ = {isa = PBXBuildFile; fileRef = 63C702771ECEF02800A0BE90 /* AppDelegate.swift */; };
		63C7027A1ECEF02800A0BE90 /* ViewController.swift in Sources */ = {isa = PBXBuildFile; fileRef = 63C702791ECEF02800A0BE90 /* ViewController.swift */; };
		63C7027D1ECEF02800A0BE90 /* Main.storyboard in Resources */ = {isa = PBXBuildFile; fileRef = 63C7027B1ECEF02800A0BE90 /* Main.storyboard */; };
		63C7027F1ECEF02800A0BE90 /* Assets.xcassets in Resources */ = {isa = PBXBuildFile; fileRef = 63C7027E1ECEF02800A0BE90 /* Assets.xcassets */; };
		63C702821ECEF02800A0BE90 /* LaunchScreen.storyboard in Resources */ = {isa = PBXBuildFile; fileRef = 63C702801ECEF02800A0BE90 /* LaunchScreen.storyboard */; };
		AD083F041F8F6FE200946652 /* RestKit.framework in Frameworks */ = {isa = PBXBuildFile; fileRef = AD083F031F8F6FAA00946652 /* RestKit.framework */; };
		AD083F051F8F6FE200946652 /* RestKit.framework in Embed Frameworks */ = {isa = PBXBuildFile; fileRef = AD083F031F8F6FAA00946652 /* RestKit.framework */; settings = {ATTRIBUTES = (CodeSignOnCopy, RemoveHeadersOnCopy, ); }; };
		AD083F061F8F6FE200946652 /* SVProgressHUD.framework in Frameworks */ = {isa = PBXBuildFile; fileRef = AD083F001F8F6F8900946652 /* SVProgressHUD.framework */; };
		AD083F071F8F6FE200946652 /* SVProgressHUD.framework in Embed Frameworks */ = {isa = PBXBuildFile; fileRef = AD083F001F8F6F8900946652 /* SVProgressHUD.framework */; settings = {ATTRIBUTES = (CodeSignOnCopy, RemoveHeadersOnCopy, ); }; };
		AD083F081F8F6FE200946652 /* VisualRecognitionV3.framework in Frameworks */ = {isa = PBXBuildFile; fileRef = AD083F021F8F6F8900946652 /* VisualRecognitionV3.framework */; };
		AD083F091F8F6FE200946652 /* VisualRecognitionV3.framework in Embed Frameworks */ = {isa = PBXBuildFile; fileRef = AD083F021F8F6F8900946652 /* VisualRecognitionV3.framework */; settings = {ATTRIBUTES = (CodeSignOnCopy, RemoveHeadersOnCopy, ); }; };
/* End PBXBuildFile section */

/* Begin PBXCopyFilesBuildPhase section */
		AD4FFD1C1EF938DD001C86A1 /* Embed Frameworks */ = {
			isa = PBXCopyFilesBuildPhase;
			buildActionMask = 2147483647;
			dstPath = "";
			dstSubfolderSpec = 10;
			files = (
				AD083F071F8F6FE200946652 /* SVProgressHUD.framework in Embed Frameworks */,
				AD083F091F8F6FE200946652 /* VisualRecognitionV3.framework in Embed Frameworks */,
				AD083F051F8F6FE200946652 /* RestKit.framework in Embed Frameworks */,
			);
			name = "Embed Frameworks";
			runOnlyForDeploymentPostprocessing = 0;
		};
/* End PBXCopyFilesBuildPhase section */

/* Begin PBXFileReference section */
		63C702741ECEF02800A0BE90 /* SeeFood.app */ = {isa = PBXFileReference; explicitFileType = wrapper.application; includeInIndex = 0; path = SeeFood.app; sourceTree = BUILT_PRODUCTS_DIR; };
		63C702771ECEF02800A0BE90 /* AppDelegate.swift */ = {isa = PBXFileReference; lastKnownFileType = sourcecode.swift; path = AppDelegate.swift; sourceTree = "<group>"; };
		63C702791ECEF02800A0BE90 /* ViewController.swift */ = {isa = PBXFileReference; lastKnownFileType = sourcecode.swift; path = ViewController.swift; sourceTree = "<group>"; };
		63C7027C1ECEF02800A0BE90 /* Base */ = {isa = PBXFileReference; lastKnownFileType = file.storyboard; name = Base; path = Base.lproj/Main.storyboard; sourceTree = "<group>"; };
		63C7027E1ECEF02800A0BE90 /* Assets.xcassets */ = {isa = PBXFileReference; lastKnownFileType = folder.assetcatalog; path = Assets.xcassets; sourceTree = "<group>"; };
		63C702811ECEF02800A0BE90 /* Base */ = {isa = PBXFileReference; lastKnownFileType = file.storyboard; name = Base; path = Base.lproj/LaunchScreen.storyboard; sourceTree = "<group>"; };
		63C702831ECEF02800A0BE90 /* Info.plist */ = {isa = PBXFileReference; lastKnownFileType = text.plist.xml; path = Info.plist; sourceTree = "<group>"; };
		AD083F001F8F6F8900946652 /* SVProgressHUD.framework */ = {isa = PBXFileReference; lastKnownFileType = wrapper.framework; path = SVProgressHUD.framework; sourceTree = "<group>"; };
		AD083F021F8F6F8900946652 /* VisualRecognitionV3.framework */ = {isa = PBXFileReference; lastKnownFileType = wrapper.framework; path = VisualRecognitionV3.framework; sourceTree = "<group>"; };
		AD083F031F8F6FAA00946652 /* RestKit.framework */ = {isa = PBXFileReference; lastKnownFileType = wrapper.framework; path = RestKit.framework; sourceTree = "<group>"; };
/* End PBXFileReference section */

/* Begin PBXFrameworksBuildPhase section */
		63C702711ECEF02800A0BE90 /* Frameworks */ = {
			isa = PBXFrameworksBuildPhase;
			buildActionMask = 2147483647;
			files = (
				AD083F061F8F6FE200946652 /* SVProgressHUD.framework in Frameworks */,
				AD083F081F8F6FE200946652 /* VisualRecognitionV3.framework in Frameworks */,
				AD083F041F8F6FE200946652 /* RestKit.framework in Frameworks */,
			);
			runOnlyForDeploymentPostprocessing = 0;
		};
/* End PBXFrameworksBuildPhase section */

/* Begin PBXGroup section */
		63C7026B1ECEF02800A0BE90 = {
			isa = PBXGroup;
			children = (
				AD083F031F8F6FAA00946652 /* RestKit.framework */,
				AD083F001F8F6F8900946652 /* SVProgressHUD.framework */,
				AD083F021F8F6F8900946652 /* VisualRecognitionV3.framework */,
				63C702761ECEF02800A0BE90 /* SeeFood */,
				63C702751ECEF02800A0BE90 /* Products */,
			);
			sourceTree = "<group>";
		};
		63C702751ECEF02800A0BE90 /* Products */ = {
			isa = PBXGroup;
			children = (
				63C702741ECEF02800A0BE90 /* SeeFood.app */,
			);
			name = Products;
			sourceTree = "<group>";
		};
		63C702761ECEF02800A0BE90 /* SeeFood */ = {
			isa = PBXGroup;
			children = (
				63C702771ECEF02800A0BE90 /* AppDelegate.swift */,
				63C702791ECEF02800A0BE90 /* ViewController.swift */,
				63C7027B1ECEF02800A0BE90 /* Main.storyboard */,
				63C7027E1ECEF02800A0BE90 /* Assets.xcassets */,
				63C702801ECEF02800A0BE90 /* LaunchScreen.storyboard */,
				63C702831ECEF02800A0BE90 /* Info.plist */,
			);
			path = SeeFood;
			sourceTree = "<group>";
		};
/* End PBXGroup section */

/* Begin PBXNativeTarget section */
		63C702731ECEF02800A0BE90 /* SeeFood */ = {
			isa = PBXNativeTarget;
			buildConfigurationList = 63C702861ECEF02800A0BE90 /* Build configuration list for PBXNativeTarget "SeeFood" */;
			buildPhases = (
				63C702701ECEF02800A0BE90 /* Sources */,
				63C702711ECEF02800A0BE90 /* Frameworks */,
				63C702721ECEF02800A0BE90 /* Resources */,
				AD4FFD1C1EF938DD001C86A1 /* Embed Frameworks */,
			);
			buildRules = (
			);
			dependencies = (
			);
			name = SeeFood;
			productName = SeeFood;
			productReference = 63C702741ECEF02800A0BE90 /* SeeFood.app */;
			productType = "com.apple.product-type.application";
		};
/* End PBXNativeTarget section */

/* Begin PBXProject section */
		63C7026C1ECEF02800A0BE90 /* Project object */ = {
			isa = PBXProject;
			attributes = {
				LastSwiftUpdateCheck = 0830;
				LastUpgradeCheck = 0900;
				ORGANIZATIONNAME = "Angela Yu";
				TargetAttributes = {
					63C702731ECEF02800A0BE90 = {
						CreatedOnToolsVersion = 8.3.2;
						DevelopmentTeam = 3ECFYJZ64T;
						LastSwiftMigration = 0900;
						ProvisioningStyle = Automatic;
					};
				};
			};
			buildConfigurationList = 63C7026F1ECEF02800A0BE90 /* Build configuration list for PBXProject "SeeFood" */;
			compatibilityVersion = "Xcode 3.2";
			developmentRegion = English;
			hasScannedForEncodings = 0;
			knownRegions = (
				en,
				Base,
			);
			mainGroup = 63C7026B1ECEF02800A0BE90;
			productRefGroup = 63C702751ECEF02800A0BE90 /* Products */;
			projectDirPath = "";
			projectRoot = "";
			targets = (
				63C702731ECEF02800A0BE90 /* SeeFood */,
			);
		};
/* End PBXProject section */

/* Begin PBXResourcesBuildPhase section */
		63C702721ECEF02800A0BE90 /* Resources */ = {
			isa = PBXResourcesBuildPhase;
			buildActionMask = 2147483647;
			files = (
				63C702821ECEF02800A0BE90 /* LaunchScreen.storyboard in Resources */,
				63C7027F1ECEF02800A0BE90 /* Assets.xcassets in Resources */,
				63C7027D1ECEF02800A0BE90 /* Main.storyboard in Resources */,
			);
			runOnlyForDeploymentPostprocessing = 0;
		};
/* End PBXResourcesBuildPhase section */

/* Begin PBXSourcesBuildPhase section */
		63C702701ECEF02800A0BE90 /* Sources */ = {
			isa = PBXSourcesBuildPhase;
			buildActionMask = 2147483647;
			files = (
				63C7027A1ECEF02800A0BE90 /* ViewController.swift in Sources */,
				63C702781ECEF02800A0BE90 /* AppDelegate.swift in Sources */,
			);
			runOnlyForDeploymentPostprocessing = 0;
		};
/* End PBXSourcesBuildPhase section */

/* Begin PBXVariantGroup section */
		63C7027B1ECEF02800A0BE90 /* Main.storyboard */ = {
			isa = PBXVariantGroup;
			children = (
				63C7027C1ECEF02800A0BE90 /* Base */,
			);
			name = Main.storyboard;
			sourceTree = "<group>";
		};
		63C702801ECEF02800A0BE90 /* LaunchScreen.storyboard */ = {
			isa = PBXVariantGroup;
			children = (
				63C702811ECEF02800A0BE90 /* Base */,
			);
			name = LaunchScreen.storyboard;
			sourceTree = "<group>";
		};
/* End PBXVariantGroup section */

/* Begin XCBuildConfiguration section */
		63C702841ECEF02800A0BE90 /* Debug */ = {
			isa = XCBuildConfiguration;
			buildSettings = {
				ALWAYS_SEARCH_USER_PATHS = NO;
				CLANG_ANALYZER_NONNULL = YES;
				CLANG_ANALYZER_NUMBER_OBJECT_CONVERSION = YES_AGGRESSIVE;
				CLANG_CXX_LANGUAGE_STANDARD = "gnu++0x";
				CLANG_CXX_LIBRARY = "libc++";
				CLANG_ENABLE_MODULES = YES;
				CLANG_ENABLE_OBJC_ARC = YES;
				CLANG_WARN_BLOCK_CAPTURE_AUTORELEASING = YES;
				CLANG_WARN_BOOL_CONVERSION = YES;
				CLANG_WARN_COMMA = YES;
				CLANG_WARN_CONSTANT_CONVERSION = YES;
				CLANG_WARN_DIRECT_OBJC_ISA_USAGE = YES_ERROR;
				CLANG_WARN_DOCUMENTATION_COMMENTS = YES;
				CLANG_WARN_EMPTY_BODY = YES;
				CLANG_WARN_ENUM_CONVERSION = YES;
				CLANG_WARN_INFINITE_RECURSION = YES;
				CLANG_WARN_INT_CONVERSION = YES;
				CLANG_WARN_NON_LITERAL_NULL_CONVERSION = YES;
				CLANG_WARN_OBJC_LITERAL_CONVERSION = YES;
				CLANG_WARN_OBJC_ROOT_CLASS = YES_ERROR;
				CLANG_WARN_RANGE_LOOP_ANALYSIS = YES;
				CLANG_WARN_STRICT_PROTOTYPES = YES;
				CLANG_WARN_SUSPICIOUS_MOVE = YES;
				CLANG_WARN_UNREACHABLE_CODE = YES;
				CLANG_WARN__DUPLICATE_METHOD_MATCH = YES;
				"CODE_SIGN_IDENTITY[sdk=iphoneos*]" = "iPhone Developer";
				COPY_PHASE_STRIP = NO;
				DEBUG_INFORMATION_FORMAT = dwarf;
				ENABLE_STRICT_OBJC_MSGSEND = YES;
				ENABLE_TESTABILITY = YES;
				GCC_C_LANGUAGE_STANDARD = gnu99;
				GCC_DYNAMIC_NO_PIC = NO;
				GCC_NO_COMMON_BLOCKS = YES;
				GCC_OPTIMIZATION_LEVEL = 0;
				GCC_PREPROCESSOR_DEFINITIONS = (
					"DEBUG=1",
					"$(inherited)",
				);
				GCC_WARN_64_TO_32_BIT_CONVERSION = YES;
				GCC_WARN_ABOUT_RETURN_TYPE = YES_ERROR;
				GCC_WARN_UNDECLARED_SELECTOR = YES;
				GCC_WARN_UNINITIALIZED_AUTOS = YES_AGGRESSIVE;
				GCC_WARN_UNUSED_FUNCTION = YES;
				GCC_WARN_UNUSED_VARIABLE = YES;
				IPHONEOS_DEPLOYMENT_TARGET = 10.3;
				MTL_ENABLE_DEBUG_INFO = YES;
				ONLY_ACTIVE_ARCH = YES;
				SDKROOT = iphoneos;
				SWIFT_ACTIVE_COMPILATION_CONDITIONS = DEBUG;
				SWIFT_OPTIMIZATION_LEVEL = "-Onone";
			};
			name = Debug;
		};
		63C702851ECEF02800A0BE90 /* Release */ = {
			isa = XCBuildConfiguration;
			buildSettings = {
				ALWAYS_SEARCH_USER_PATHS = NO;
				CLANG_ANALYZER_NONNULL = YES;
				CLANG_ANALYZER_NUMBER_OBJECT_CONVERSION = YES_AGGRESSIVE;
				CLANG_CXX_LANGUAGE_STANDARD = "gnu++0x";
				CLANG_CXX_LIBRARY = "libc++";
				CLANG_ENABLE_MODULES = YES;
				CLANG_ENABLE_OBJC_ARC = YES;
				CLANG_WARN_BLOCK_CAPTURE_AUTORELEASING = YES;
				CLANG_WARN_BOOL_CONVERSION = YES;
				CLANG_WARN_COMMA = YES;
				CLANG_WARN_CONSTANT_CONVERSION = YES;
				CLANG_WARN_DIRECT_OBJC_ISA_USAGE = YES_ERROR;
				CLANG_WARN_DOCUMENTATION_COMMENTS = YES;
				CLANG_WARN_EMPTY_BODY = YES;
				CLANG_WARN_ENUM_CONVERSION = YES;
				CLANG_WARN_INFINITE_RECURSION = YES;
				CLANG_WARN_INT_CONVERSION = YES;
				CLANG_WARN_NON_LITERAL_NULL_CONVERSION = YES;
				CLANG_WARN_OBJC_LITERAL_CONVERSION = YES;
				CLANG_WARN_OBJC_ROOT_CLASS = YES_ERROR;
				CLANG_WARN_RANGE_LOOP_ANALYSIS = YES;
				CLANG_WARN_STRICT_PROTOTYPES = YES;
				CLANG_WARN_SUSPICIOUS_MOVE = YES;
				CLANG_WARN_UNREACHABLE_CODE = YES;
				CLANG_WARN__DUPLICATE_METHOD_MATCH = YES;
				"CODE_SIGN_IDENTITY[sdk=iphoneos*]" = "iPhone Developer";
				COPY_PHASE_STRIP = NO;
				DEBUG_INFORMATION_FORMAT = "dwarf-with-dsym";
				ENABLE_NS_ASSERTIONS = NO;
				ENABLE_STRICT_OBJC_MSGSEND = YES;
				GCC_C_LANGUAGE_STANDARD = gnu99;
				GCC_NO_COMMON_BLOCKS = YES;
				GCC_WARN_64_TO_32_BIT_CONVERSION = YES;
				GCC_WARN_ABOUT_RETURN_TYPE = YES_ERROR;
				GCC_WARN_UNDECLARED_SELECTOR = YES;
				GCC_WARN_UNINITIALIZED_AUTOS = YES_AGGRESSIVE;
				GCC_WARN_UNUSED_FUNCTION = YES;
				GCC_WARN_UNUSED_VARIABLE = YES;
				IPHONEOS_DEPLOYMENT_TARGET = 10.3;
				MTL_ENABLE_DEBUG_INFO = NO;
				SDKROOT = iphoneos;
				SWIFT_OPTIMIZATION_LEVEL = "-Owholemodule";
				VALIDATE_PRODUCT = YES;
			};
			name = Release;
		};
		63C702871ECEF02800A0BE90 /* Debug */ = {
			isa = XCBuildConfiguration;
			buildSettings = {
				ASSETCATALOG_COMPILER_APPICON_NAME = AppIcon;
				DEVELOPMENT_TEAM = 3ECFYJZ64T;
				FRAMEWORK_SEARCH_PATHS = (
					"$(inherited)",
					"$(PROJECT_DIR)",
				);
				INFOPLIST_FILE = SeeFood/Info.plist;
				IPHONEOS_DEPLOYMENT_TARGET = 10.0;
				LD_RUNPATH_SEARCH_PATHS = "$(inherited) @executable_path/Frameworks";
				PRODUCT_BUNDLE_IDENTIFIER = com.londonappbrewery.SeeFood;
				PRODUCT_NAME = "$(TARGET_NAME)";
				SWIFT_SWIFT3_OBJC_INFERENCE = Off;
				SWIFT_VERSION = 4.0;
			};
			name = Debug;
		};
		63C702881ECEF02800A0BE90 /* Release */ = {
			isa = XCBuildConfiguration;
			buildSettings = {
				ASSETCATALOG_COMPILER_APPICON_NAME = AppIcon;
				DEVELOPMENT_TEAM = 3ECFYJZ64T;
				FRAMEWORK_SEARCH_PATHS = (
					"$(inherited)",
					"$(PROJECT_DIR)",
				);
				INFOPLIST_FILE = SeeFood/Info.plist;
				IPHONEOS_DEPLOYMENT_TARGET = 10.0;
				LD_RUNPATH_SEARCH_PATHS = "$(inherited) @executable_path/Frameworks";
				PRODUCT_BUNDLE_IDENTIFIER = com.londonappbrewery.SeeFood;
				PRODUCT_NAME = "$(TARGET_NAME)";
				SWIFT_SWIFT3_OBJC_INFERENCE = Off;
				SWIFT_VERSION = 4.0;
			};
			name = Release;
		};
/* End XCBuildConfiguration section */

/* Begin XCConfigurationList section */
		63C7026F1ECEF02800A0BE90 /* Build configuration list for PBXProject "SeeFood" */ = {
			isa = XCConfigurationList;
			buildConfigurations = (
				63C702841ECEF02800A0BE90 /* Debug */,
				63C702851ECEF02800A0BE90 /* Release */,
			);
			defaultConfigurationIsVisible = 0;
			defaultConfigurationName = Release;
		};
		63C702861ECEF02800A0BE90 /* Build configuration list for PBXNativeTarget "SeeFood" */ = {
			isa = XCConfigurationList;
			buildConfigurations = (
				63C702871ECEF02800A0BE90 /* Debug */,
				63C702881ECEF02800A0BE90 /* Release */,
			);
			defaultConfigurationIsVisible = 0;
			defaultConfigurationName = Release;
		};
/* End XCConfigurationList section */
	};
	rootObject = 63C7026C1ECEF02800A0BE90 /* Project object */;
}
